
Microsoft Visual Studio Solution File, Format Version 12.00
# Visual Studio 15
VisualStudioVersion = 15.0.27004.2006
MinimumVisualStudioVersion = 10.0.40219.1
Project("{FAE04EC0-301F-11D3-BF4B-00C04F79EFBC}") = "TodoApp.Api", "TodoApp.Api\TodoApp.Api.csproj", "{315CC88D-C20F-42FD-BAF7-AFE1C5272153}"
EndProject
Project("{FAE04EC0-301F-11D3-BF4B-00C04F79EFBC}") = "TodoApp.Api.Tests", "TodoApp.Api.Tests\TodoApp.Api.Tests.csproj", "{6DB8809D-893E-47D5-B439-DB96A6F1E01F}"
EndProject
Global
	GlobalSection(SolutionConfigurationPlatforms) = preSolution
		Debug|Any CPU = Debug|Any CPU
		Release|Any CPU = Release|Any CPU
	EndGlobalSection
	GlobalSection(ProjectConfigurationPlatforms) = postSolution
		{315CC88D-C20F-42FD-BAF7-AFE1C5272153}.Debug|Any CPU.ActiveCfg = Debug|Any CPU
		{315CC88D-C20F-42FD-BAF7-AFE1C5272153}.Debug|Any CPU.Build.0 = Debug|Any CPU
		{315CC88D-C20F-42FD-BAF7-AFE1C5272153}.Release|Any CPU.ActiveCfg = Release|Any CPU
		{315CC88D-C20F-42FD-BAF7-AFE1C5272153}.Release|Any CPU.Build.0 = Release|Any CPU
		{6DB8809D-893E-47D5-B439-DB96A6F1E01F}.Debug|Any CPU.ActiveCfg = Debug|Any CPU
		{6DB8809D-893E-47D5-B439-DB96A6F1E01F}.Debug|Any CPU.Build.0 = Debug|Any CPU
		{6DB8809D-893E-47D5-B439-DB96A6F1E01F}.Release|Any CPU.ActiveCfg = Release|Any CPU
		{6DB8809D-893E-47D5-B439-DB96A6F1E01F}.Release|Any CPU.Build.0 = Release|Any CPU
	EndGlobalSection
	GlobalSection(SolutionProperties) = preSolution
		HideSolutionNode = FALSE
	EndGlobalSection
	GlobalSection(ExtensibilityGlobals) = postSolution
		SolutionGuid = {9DD346DA-997F-4ACA-B53D-538BBC6B0A05}
	EndGlobalSection
EndGlobal
